
Microsoft Visual Studio Solution File, Format Version 12.00
# Visual Studio Version 17
VisualStudioVersion = 17.8.34330.188
MinimumVisualStudioVersion = 10.0.40219.1
Project("{FAE04EC0-301F-11D3-BF4B-00C04F79EFBC}") = "BlogPlatform", "BlogPlatform\BlogPlatform.csproj", "{398A5C46-459C-400F-AB44-8B3EF67BB8EE}"
EndProject
Global
	GlobalSection(SolutionConfigurationPlatforms) = preSolution
		Debug|Any CPU = Debug|Any CPU
		Release|Any CPU = Release|Any CPU
	EndGlobalSection
	GlobalSection(ProjectConfigurationPlatforms) = postSolution
		{398A5C46-459C-400F-AB44-8B3EF67BB8EE}.Debug|Any CPU.ActiveCfg = Debug|Any CPU
		{398A5C46-459C-400F-AB44-8B3EF67BB8EE}.Debug|Any CPU.Build.0 = Debug|Any CPU
		{398A5C46-459C-400F-AB44-8B3EF67BB8EE}.Release|Any CPU.ActiveCfg = Release|Any CPU
		{398A5C46-459C-400F-AB44-8B3EF67BB8EE}.Release|Any CPU.Build.0 = Release|Any CPU
	EndGlobalSection
	GlobalSection(SolutionProperties) = preSolution
		HideSolutionNode = FALSE
	EndGlobalSection
	GlobalSection(ExtensibilityGlobals) = postSolution
		SolutionGuid = {EAB7B61E-4AC4-4781-9FD1-9C9D14DD7605}
	EndGlobalSection
EndGlobal
